
Microsoft Visual Studio Solution File, Format Version 12.00
# Visual Studio Version 16
VisualStudioVersion = 16.0.30503.244
MinimumVisualStudioVersion = 10.0.40219.1
Project("{8BC9CEB8-8B4A-11D0-8D11-00A0C91BC942}") = "Project", "Project.vcxproj", "{E50A5063-D425-4D38-90CF-94477B6B9252}"
EndProject
Global
	GlobalSection(SolutionConfigurationPlatforms) = preSolution
		Debug|x64 = Debug|x64
		Debug|x86 = Debug|x86
		Release|x64 = Release|x64
		Release|x86 = Release|x86
	EndGlobalSection
	GlobalSection(ProjectConfigurationPlatforms) = postSolution
		{E50A5063-D425-4D38-90CF-94477B6B9252}.Debug|x64.ActiveCfg = Debug|x64
		{E50A5063-D425-4D38-90CF-94477B6B9252}.Debug|x64.Build.0 = Debug|x64
		{E50A5063-D425-4D38-90CF-94477B6B9252}.Debug|x86.ActiveCfg = Debug|Win32
		{E50A5063-D425-4D38-90CF-94477B6B9252}.Debug|x86.Build.0 = Debug|Win32
		{E50A5063-D425-4D38-90CF-94477B6B9252}.Release|x64.ActiveCfg = Release|x64
		{E50A5063-D425-4D38-90CF-94477B6B9252}.Release|x64.Build.0 = Release|x64
		{E50A5063-D425-4D38-90CF-94477B6B9252}.Release|x86.ActiveCfg = Release|Win32
		{E50A5063-D425-4D38-90CF-94477B6B9252}.Release|x86.Build.0 = Release|Win32
	EndGlobalSection
	GlobalSection(SolutionProperties) = preSolution
		HideSolutionNode = FALSE
	EndGlobalSection
	GlobalSection(ExtensibilityGlobals) = postSolution
		SolutionGuid = {3750EC1A-B8E9-41C7-9623-DBFCE0E12365}
	EndGlobalSection
EndGlobal
