
Microsoft Visual Studio Solution File, Format Version 12.00
# Visual Studio Version 16
VisualStudioVersion = 16.0.30503.244
MinimumVisualStudioVersion = 10.0.40219.1
Project("{8BC9CEB8-8B4A-11D0-8D11-00A0C91BC942}") = "Project", "Project.vcxproj", "{7CF6F6C2-5324-4DDB-9E28-3A9169BF470E}"
EndProject
Global
	GlobalSection(SolutionConfigurationPlatforms) = preSolution
		Debug|x64 = Debug|x64
		Debug|x86 = Debug|x86
		Release|x64 = Release|x64
		Release|x86 = Release|x86
	EndGlobalSection
	GlobalSection(ProjectConfigurationPlatforms) = postSolution
		{7CF6F6C2-5324-4DDB-9E28-3A9169BF470E}.Debug|x64.ActiveCfg = Debug|x64
		{7CF6F6C2-5324-4DDB-9E28-3A9169BF470E}.Debug|x64.Build.0 = Debug|x64
		{7CF6F6C2-5324-4DDB-9E28-3A9169BF470E}.Debug|x86.ActiveCfg = Debug|Win32
		{7CF6F6C2-5324-4DDB-9E28-3A9169BF470E}.Debug|x86.Build.0 = Debug|Win32
		{7CF6F6C2-5324-4DDB-9E28-3A9169BF470E}.Release|x64.ActiveCfg = Release|x64
		{7CF6F6C2-5324-4DDB-9E28-3A9169BF470E}.Release|x64.Build.0 = Release|x64
		{7CF6F6C2-5324-4DDB-9E28-3A9169BF470E}.Release|x86.ActiveCfg = Release|Win32
		{7CF6F6C2-5324-4DDB-9E28-3A9169BF470E}.Release|x86.Build.0 = Release|Win32
	EndGlobalSection
	GlobalSection(SolutionProperties) = preSolution
		HideSolutionNode = FALSE
	EndGlobalSection
	GlobalSection(ExtensibilityGlobals) = postSolution
		SolutionGuid = {CC9DCD05-5101-4057-BBEB-2A6134BB1454}
	EndGlobalSection
EndGlobal
