
Microsoft Visual Studio Solution File, Format Version 12.00
# Visual Studio Version 16
VisualStudioVersion = 16.0.30804.86
MinimumVisualStudioVersion = 10.0.40219.1
Project("{8BC9CEB8-8B4A-11D0-8D11-00A0C91BC942}") = "Project", "Project\Project.vcxproj", "{B32B644C-D06B-4A9B-BA4F-3CB8C7692146}"
EndProject
Global
	GlobalSection(SolutionConfigurationPlatforms) = preSolution
		Debug|x64 = Debug|x64
		Debug|x86 = Debug|x86
		Release|x64 = Release|x64
		Release|x86 = Release|x86
	EndGlobalSection
	GlobalSection(ProjectConfigurationPlatforms) = postSolution
		{B32B644C-D06B-4A9B-BA4F-3CB8C7692146}.Debug|x64.ActiveCfg = Debug|x64
		{B32B644C-D06B-4A9B-BA4F-3CB8C7692146}.Debug|x64.Build.0 = Debug|x64
		{B32B644C-D06B-4A9B-BA4F-3CB8C7692146}.Debug|x86.ActiveCfg = Debug|Win32
		{B32B644C-D06B-4A9B-BA4F-3CB8C7692146}.Debug|x86.Build.0 = Debug|Win32
		{B32B644C-D06B-4A9B-BA4F-3CB8C7692146}.Release|x64.ActiveCfg = Release|x64
		{B32B644C-D06B-4A9B-BA4F-3CB8C7692146}.Release|x64.Build.0 = Release|x64
		{B32B644C-D06B-4A9B-BA4F-3CB8C7692146}.Release|x86.ActiveCfg = Release|Win32
		{B32B644C-D06B-4A9B-BA4F-3CB8C7692146}.Release|x86.Build.0 = Release|Win32
	EndGlobalSection
	GlobalSection(SolutionProperties) = preSolution
		HideSolutionNode = FALSE
	EndGlobalSection
	GlobalSection(ExtensibilityGlobals) = postSolution
		SolutionGuid = {617F8032-F77A-4B84-864C-99FDEFF0691E}
	EndGlobalSection
EndGlobal
